<?xml version="1.0" encoding="UTF-8" standalone="yes" ?>
<CodeBlocks_project_file>
	<FileVersion major="1" minor="6" />
	<Project>
		<Option title="testSDL" />
		<Option pch_mode="2" />
		<Option compiler="gcc" />
		<Build>
			<Target title="Debug">
				<Option output="bin/Debug/testSDL" prefix_auto="1" extension_auto="1" />
				<Option object_output="obj/Debug/" />
				<Option type="1" />
				<Option compiler="gcc" />
				<Compiler>
					<Add option="-g" />
					<Add directory="src/Core" />
					<Add directory="src/Graphics" />
					<Add directory="./" />
					<Add directory="src/Physics" />
					<Add directory="src/Object" />
					<Add directory="src/Character" />
					<Add directory="src/Animation" />
					<Add directory="src/Inputs" />
					<Add directory="src/Timer" />
					<Add directory="src/Map" />
					<Add directory="src/Vender/tinyxml-master" />
					<Add directory="src/Camera" />
					<Add directory="src/Collision" />
					<Add directory="src/Widgets" />
					<Add directory="src/Sounds" />
				</Compiler>
			</Target>
			<Target title="Release">
				<Option output="bin/Release/testSDL" prefix_auto="1" extension_auto="1" />
				<Option object_output="obj/Release/" />
				<Option type="1" />
				<Option compiler="gcc" />
				<Compiler>
					<Add option="-O2" />
					<Add directory="src/Core" />
					<Add directory="src/Graphics" />
					<Add directory="src/Physics" />
					<Add directory="src/Object" />
					<Add directory="src/Character" />
					<Add directory="src/Animation" />
					<Add directory="src/Inputs" />
					<Add directory="src/Timer" />
					<Add directory="src/Map" />
					<Add directory="src/Camera" />
					<Add directory="src/Collision" />
					<Add directory="src/Widgets" />
					<Add directory="src/Sounds" />
					<Add directory="src/Vender/tinyxml-master" />
				</Compiler>
				<Linker>
					<Add option="-s" />
				</Linker>
			</Target>
		</Build>
		<Compiler>
			<Add option="-Wall" />
			<Add option="-fexceptions" />
			<Add directory="C:/huysdl/include/SDL2" />
			<Add directory="C:/huysdltff/include/SDL2" />
			<Add directory="C:/huysdl_images/include/SDL2" />
			<Add directory="C:/huysdl_mixer/include/SDL2" />
		</Compiler>
		<Linker>
			<Add option="-lmingw32 -lSDL2main -lSDL2 -lSDL2_ttf -lSDL2_image -lSDL2_mixer" />
			<Add directory="C:/huysdl/lib" />
			<Add directory="C:/huysdltff/lib" />
			<Add directory="C:/huysdl_images/lib" />
			<Add directory="C:/huysdl_mixer/lib" />
		</Linker>
		<Unit filename="main.cpp" />
		<Unit filename="src/Animation/Animation.cpp" />
		<Unit filename="src/Animation/Animation.h" />
		<Unit filename="src/Camera/Camera.cpp" />
		<Unit filename="src/Camera/Camera.h" />
		<Unit filename="src/Character/Boss1.cpp" />
		<Unit filename="src/Character/Boss1.h" />
		<Unit filename="src/Character/Boss2.cpp" />
		<Unit filename="src/Character/Boss2.h" />
		<Unit filename="src/Character/Character.h" />
		<Unit filename="src/Character/Waifu.cpp" />
		<Unit filename="src/Character/Waifu.h" />
		<Unit filename="src/Collision/Collision.cpp" />
		<Unit filename="src/Collision/Collision.h" />
		<Unit filename="src/Core/Engine.cpp" />
		<Unit filename="src/Core/Engine.h" />
		<Unit filename="src/Graphics/TextureManager.cpp" />
		<Unit filename="src/Graphics/TextureManager.h" />
		<Unit filename="src/Inputs/Input.cpp" />
		<Unit filename="src/Inputs/Input.h" />
		<Unit filename="src/Map/GameMap.h" />
		<Unit filename="src/Map/Layer.h" />
		<Unit filename="src/Map/MapParser.cpp" />
		<Unit filename="src/Map/MapParser.h" />
		<Unit filename="src/Map/TileLayer.cpp" />
		<Unit filename="src/Map/TileLayer.h" />
		<Unit filename="src/Object/GameObject.h" />
		<Unit filename="src/Object/IObject.h" />
		<Unit filename="src/Physics/Collider.h" />
		<Unit filename="src/Physics/Point.h" />
		<Unit filename="src/Physics/Rigidbody.h" />
		<Unit filename="src/Physics/Transform.h" />
		<Unit filename="src/Physics/Vector2D.h" />
		<Unit filename="src/Sounds/SoundManager.cpp" />
		<Unit filename="src/Sounds/SoundManager.h" />
		<Unit filename="src/Timer/Timer.cpp" />
		<Unit filename="src/Timer/Timer.h" />
		<Unit filename="src/Vender/tinyxml-master/tinystr.cpp" />
		<Unit filename="src/Vender/tinyxml-master/tinystr.h" />
		<Unit filename="src/Vender/tinyxml-master/tinyxml.cpp" />
		<Unit filename="src/Vender/tinyxml-master/tinyxml.h" />
		<Unit filename="src/Vender/tinyxml-master/tinyxmlerror.cpp" />
		<Unit filename="src/Vender/tinyxml-master/tinyxmlparser.cpp" />
		<Extensions>
			<lib_finder disable_auto="1" />
		</Extensions>
	</Project>
</CodeBlocks_project_file>
